
Microsoft Visual Studio Solution File, Format Version 12.00
# Visual Studio Version 16
VisualStudioVersion = 16.0.31829.152
MinimumVisualStudioVersion = 10.0.40219.1
Project("{9A19103F-16F7-4668-BE54-9A1E7A4F7556}") = "PermitApplications.API", "PermitApplications.API\PermitApplications.API.csproj", "{E489A8AF-75AF-4E96-B629-4585750ABF8B}"
EndProject
Project("{9A19103F-16F7-4668-BE54-9A1E7A4F7556}") = "PermitApplications.Persistance", "PermitApplications.Persistance\PermitApplications.Persistance.csproj", "{F2CD8600-8328-42AD-9178-21F538E15A6F}"
EndProject
Project("{9A19103F-16F7-4668-BE54-9A1E7A4F7556}") = "PermitApplications.Services", "PermitApplications.Services\PermitApplications.Services.csproj", "{93370554-CFEF-4072-A137-68D643D2FCF7}"
EndProject
Project("{9A19103F-16F7-4668-BE54-9A1E7A4F7556}") = "PermitApplications.Tests", "PermitApplications.Tests\PermitApplications.Tests.csproj", "{57823B7A-17B8-4843-8330-B6F4388761D7}"
EndProject
Project("{9A19103F-16F7-4668-BE54-9A1E7A4F7556}") = "PermitApplications.Core", "PermitApplications.Core\PermitApplications.Core.csproj", "{AD75D632-C0ED-4D9B-939D-828EB2E025BD}"
EndProject
Project("{FAE04EC0-301F-11D3-BF4B-00C04F79EFBC}") = "PermitApplications.BusinessLayer", "PermitApplications.BusinessLayer\PermitApplications.BusinessLayer.csproj", "{17EA8214-8FD5-4500-96F8-D39F1CDC13F2}"
EndProject
Global
	GlobalSection(SolutionConfigurationPlatforms) = preSolution
		Debug|Any CPU = Debug|Any CPU
		Release|Any CPU = Release|Any CPU
	EndGlobalSection
	GlobalSection(ProjectConfigurationPlatforms) = postSolution
		{E489A8AF-75AF-4E96-B629-4585750ABF8B}.Debug|Any CPU.ActiveCfg = Debug|Any CPU
		{E489A8AF-75AF-4E96-B629-4585750ABF8B}.Debug|Any CPU.Build.0 = Debug|Any CPU
		{E489A8AF-75AF-4E96-B629-4585750ABF8B}.Release|Any CPU.ActiveCfg = Release|Any CPU
		{E489A8AF-75AF-4E96-B629-4585750ABF8B}.Release|Any CPU.Build.0 = Release|Any CPU
		{F2CD8600-8328-42AD-9178-21F538E15A6F}.Debug|Any CPU.ActiveCfg = Debug|Any CPU
		{F2CD8600-8328-42AD-9178-21F538E15A6F}.Debug|Any CPU.Build.0 = Debug|Any CPU
		{F2CD8600-8328-42AD-9178-21F538E15A6F}.Release|Any CPU.ActiveCfg = Release|Any CPU
		{F2CD8600-8328-42AD-9178-21F538E15A6F}.Release|Any CPU.Build.0 = Release|Any CPU
		{93370554-CFEF-4072-A137-68D643D2FCF7}.Debug|Any CPU.ActiveCfg = Debug|Any CPU
		{93370554-CFEF-4072-A137-68D643D2FCF7}.Debug|Any CPU.Build.0 = Debug|Any CPU
		{93370554-CFEF-4072-A137-68D643D2FCF7}.Release|Any CPU.ActiveCfg = Release|Any CPU
		{93370554-CFEF-4072-A137-68D643D2FCF7}.Release|Any CPU.Build.0 = Release|Any CPU
		{57823B7A-17B8-4843-8330-B6F4388761D7}.Debug|Any CPU.ActiveCfg = Debug|Any CPU
		{57823B7A-17B8-4843-8330-B6F4388761D7}.Debug|Any CPU.Build.0 = Debug|Any CPU
		{57823B7A-17B8-4843-8330-B6F4388761D7}.Release|Any CPU.ActiveCfg = Release|Any CPU
		{57823B7A-17B8-4843-8330-B6F4388761D7}.Release|Any CPU.Build.0 = Release|Any CPU
		{AD75D632-C0ED-4D9B-939D-828EB2E025BD}.Debug|Any CPU.ActiveCfg = Debug|Any CPU
		{AD75D632-C0ED-4D9B-939D-828EB2E025BD}.Debug|Any CPU.Build.0 = Debug|Any CPU
		{AD75D632-C0ED-4D9B-939D-828EB2E025BD}.Release|Any CPU.ActiveCfg = Release|Any CPU
		{AD75D632-C0ED-4D9B-939D-828EB2E025BD}.Release|Any CPU.Build.0 = Release|Any CPU
		{17EA8214-8FD5-4500-96F8-D39F1CDC13F2}.Debug|Any CPU.ActiveCfg = Debug|Any CPU
		{17EA8214-8FD5-4500-96F8-D39F1CDC13F2}.Debug|Any CPU.Build.0 = Debug|Any CPU
		{17EA8214-8FD5-4500-96F8-D39F1CDC13F2}.Release|Any CPU.ActiveCfg = Release|Any CPU
		{17EA8214-8FD5-4500-96F8-D39F1CDC13F2}.Release|Any CPU.Build.0 = Release|Any CPU
	EndGlobalSection
	GlobalSection(SolutionProperties) = preSolution
		HideSolutionNode = FALSE
	EndGlobalSection
	GlobalSection(ExtensibilityGlobals) = postSolution
		SolutionGuid = {061F9C24-B482-49EA-8121-26652A6D0E60}
	EndGlobalSection
EndGlobal
